
Microsoft Visual Studio Solution File, Format Version 12.00
# Visual Studio Version 17
VisualStudioVersion = 17.7.34202.233
MinimumVisualStudioVersion = 10.0.40219.1
Project("{FAE04EC0-301F-11D3-BF4B-00C04F79EFBC}") = "WebApplication1", "WebApplication1\WebApplication1.csproj", "{5331F993-AE3E-48F4-9CCD-C806A0304F46}"
	ProjectSection(ProjectDependencies) = postProject
		{7A663B23-9A48-4177-9849-9C2E5EA6F10E} = {7A663B23-9A48-4177-9849-9C2E5EA6F10E}
	EndProjectSection
EndProject
Project("{FAE04EC0-301F-11D3-BF4B-00C04F79EFBC}") = "DogsApp.Infrastrucure", "DogsApp\DogsApp.Infrastrucure.csproj", "{7A663B23-9A48-4177-9849-9C2E5EA6F10E}"
EndProject
Global
	GlobalSection(SolutionConfigurationPlatforms) = preSolution
		Debug|Any CPU = Debug|Any CPU
		Release|Any CPU = Release|Any CPU
	EndGlobalSection
	GlobalSection(ProjectConfigurationPlatforms) = postSolution
		{5331F993-AE3E-48F4-9CCD-C806A0304F46}.Debug|Any CPU.ActiveCfg = Debug|Any CPU
		{5331F993-AE3E-48F4-9CCD-C806A0304F46}.Debug|Any CPU.Build.0 = Debug|Any CPU
		{5331F993-AE3E-48F4-9CCD-C806A0304F46}.Release|Any CPU.ActiveCfg = Release|Any CPU
		{5331F993-AE3E-48F4-9CCD-C806A0304F46}.Release|Any CPU.Build.0 = Release|Any CPU
		{7A663B23-9A48-4177-9849-9C2E5EA6F10E}.Debug|Any CPU.ActiveCfg = Debug|Any CPU
		{7A663B23-9A48-4177-9849-9C2E5EA6F10E}.Debug|Any CPU.Build.0 = Debug|Any CPU
		{7A663B23-9A48-4177-9849-9C2E5EA6F10E}.Release|Any CPU.ActiveCfg = Release|Any CPU
		{7A663B23-9A48-4177-9849-9C2E5EA6F10E}.Release|Any CPU.Build.0 = Release|Any CPU
	EndGlobalSection
	GlobalSection(SolutionProperties) = preSolution
		HideSolutionNode = FALSE
	EndGlobalSection
	GlobalSection(ExtensibilityGlobals) = postSolution
		SolutionGuid = {259D4A26-2163-4682-B0DF-EFC3016AFDEB}
	EndGlobalSection
EndGlobal
